{
  "name": "bcat",
  "version": "1.2.0",
  "lockfileVersion": 1,
  "requires": true,
  "dependencies": {
    "ansi-html-stream": {
      "version": "0.0.2",
      "resolved": "https://registry.npmjs.org/ansi-html-stream/-/ansi-html-stream-0.0.2.tgz",
      "integrity": "sha1-Tk0f+tAPcJaijKLLVWt54BRkZp0=",
      "requires": {
        "clone": "0.1.6",
        "escape-html": "0.0.1",
        "map-stream": "~0.0.1",
        "special-html": "0.0.1",
        "split": "~0.1.0",
        "xtend": "~1.0.3"
      }
    },
    "async": {
      "version": "0.2.10",
      "resolved": "https://registry.npmjs.org/async/-/async-0.2.10.tgz",
      "integrity": "sha1-trvgsGdLnXGXCMo43owjfLUmw9E="
    },
    "clone": {
      "version": "0.1.6",
      "resolved": "https://registry.npmjs.org/clone/-/clone-0.1.6.tgz",
      "integrity": "sha1-SvIpbUojpkFowvX7CiqmXoBRcAA="
    },
    "deep-extend": {
      "version": "0.2.11",
      "resolved": "https://registry.npmjs.org/deep-extend/-/deep-extend-0.2.11.tgz",
      "integrity": "sha1-eha6aXKRMjQFBhcElLyD9wdv4I8="
    },
    "escape-html": {
      "version": "0.0.1",
      "resolved": "https://registry.npmjs.org/escape-html/-/escape-html-0.0.1.tgz",
      "integrity": "sha1-Fgwl2K9J9KfBQHAGl6ktHCGLkB4="
    },
    "eyes": {
      "version": "0.1.8",
      "resolved": "https://registry.npmjs.org/eyes/-/eyes-0.1.8.tgz",
      "integrity": "sha1-Ys8SAjTGg3hdkCNIqADvPgzCC8A=",
      "dev": true
    },
    "find-port": {
      "version": "1.0.1",
      "resolved": "https://registry.npmjs.org/find-port/-/find-port-1.0.1.tgz",
      "integrity": "sha1-2whKbL+ZVk2Zhprnn73s9m6KGFw=",
      "requires": {
        "async": "~0.2.9"
      }
    },
    "ini": {
      "version": "1.1.0",
      "resolved": "https://registry.npmjs.org/ini/-/ini-1.1.0.tgz",
      "integrity": "sha1-ToCMLOFExsF4iRjgNNZ5e8bPYoE="
    },
    "isos": {
      "version": "0.0.3",
      "resolved": "https://registry.npmjs.org/isos/-/isos-0.0.3.tgz",
      "integrity": "sha1-nUzBVy3X2ETfM/p9AbChKtKi1P0="
    },
    "map-stream": {
      "version": "0.0.7",
      "resolved": "https://registry.npmjs.org/map-stream/-/map-stream-0.0.7.tgz",
      "integrity": "sha1-ih8HiW2CsQkmvTdEokIACfiJdKg="
    },
    "minimist": {
      "version": "0.0.10",
      "resolved": "https://registry.npmjs.org/minimist/-/minimist-0.0.10.tgz",
      "integrity": "sha1-3j+YVD2/lggr5IrRoMfNqDYwHc8="
    },
    "optimist": {
      "version": "0.6.1",
      "resolved": "https://registry.npmjs.org/optimist/-/optimist-0.6.1.tgz",
      "integrity": "sha1-2j6nRob6IaGaERwybpDrFaAZZoY=",
      "requires": {
        "minimist": "~0.0.1",
        "wordwrap": "~0.0.2"
      }
    },
    "rc": {
      "version": "0.3.5",
      "resolved": "https://registry.npmjs.org/rc/-/rc-0.3.5.tgz",
      "integrity": "sha1-/OIiBZO+V6oSlmhafjftAD38xyg=",
      "requires": {
        "deep-extend": "~0.2.5",
        "ini": "~1.1.0",
        "minimist": "~0.0.7"
      }
    },
    "replacestream": {
      "version": "0.0.6",
      "resolved": "https://registry.npmjs.org/replacestream/-/replacestream-0.0.6.tgz",
      "integrity": "sha1-CnqhV+pxPpZJJc2gQ14KnY9ZYKU=",
      "requires": {
        "through": "~2.3.4"
      },
      "dependencies": {
        "through": {
          "version": "2.3.8",
          "resolved": "https://registry.npmjs.org/through/-/through-2.3.8.tgz",
          "integrity": "sha1-DdTJ/6q8NXlgsbckEV1+Doai4fU="
        }
      }
    },
    "special-html": {
      "version": "0.0.1",
      "resolved": "https://registry.npmjs.org/special-html/-/special-html-0.0.1.tgz",
      "integrity": "sha1-ea8jPoH8SXG5V30GQrp0ylvrp3w="
    },
    "split": {
      "version": "0.1.2",
      "resolved": "https://registry.npmjs.org/split/-/split-0.1.2.tgz",
      "integrity": "sha1-8HEHRMRT1VH8cUPq2YPaYBTjNsw=",
      "requires": {
        "through": "1"
      }
    },
    "text-table": {
      "version": "0.2.0",
      "resolved": "https://registry.npmjs.org/text-table/-/text-table-0.2.0.tgz",
      "integrity": "sha1-f17oI66AUgfACvLfSoTsP8+lcLQ="
    },
    "through": {
      "version": "1.1.2",
      "resolved": "https://registry.npmjs.org/through/-/through-1.1.2.tgz",
      "integrity": "sha1-NEpUJaN3MxTKfg62US+6+vdsC/4="
    },
    "wordwrap": {
      "version": "0.0.3",
      "resolved": "https://registry.npmjs.org/wordwrap/-/wordwrap-0.0.3.tgz",
      "integrity": "sha1-o9XabNXAvAAI03I0u68b7WMFkQc="
    },
    "xtend": {
      "version": "1.0.3",
      "resolved": "https://registry.npmjs.org/xtend/-/xtend-1.0.3.tgz",
      "integrity": "sha1-P12Tc1PM7Y4IU5mlY/2yJUHClgo="
    }
  }
}
